{
  "name": "ml-engine",
  "lockfileVersion": 3,
  "requires": true,
  "packages": {
    "": {
      "dependencies": {
        "langdetect": "^0.2.1"
      }
    },
    "node_modules/langdetect": {
      "version": "0.2.1",
      "resolved": "https://registry.npmjs.org/langdetect/-/langdetect-0.2.1.tgz",
      "integrity": "sha512-vWK2xz8Urp6J0RFwnrR8+d0DQ2yIGjCOqAxBoXNMVFv4ZDmFsbCcNEtwuVnaQ5+ltwZ4Z5rTtuTwHSaEWFdw+A==",
      "license": "Apache License, Version 2.0",
      "dependencies": {
        "unicode-9.0.0": "0.7.0"
      }
    },
    "node_modules/unicode-9.0.0": {
      "version": "0.7.0",
      "resolved": "https://registry.npmjs.org/unicode-9.0.0/-/unicode-9.0.0-0.7.0.tgz",
      "integrity": "sha512-aqL0GQ3LB2nC3ZEKBZ93hfn7QY80sVGk+OT9Sc6lTxl4wRiwzUBRlAjJB9Fe4+5XydXOV+tb8udp5oRBoED5Tw==",
      "deprecated": "Use @unicode/unicode-9.0.0 instead.",
      "license": "MIT"
    }
  }
}
